Microsoft Visual Studio Solution File, Format Version 12.00
# Visual Studio Version 17
VisualStudioVersion = 17.0.32014.148
MinimumVisualStudioVersion = 10.0.40219.1
Project("{9A19103F-16F7-4668-BE54-9A1E7A4F7556}") = "JsonFileWrapper", "JsonFileWrapper\JsonFileWrapper.csproj", "{A12EE137-776E-407D-AC3B-43F2D2C0936A}"
EndProject
Project("{9A19103F-16F7-4668-BE54-9A1E7A4F7556}") = "JsonFileWrapperTests", "JsonFileWrapperTests\JsonFileWrapperTests.csproj", "{2597E0DB-231E-49FA-926E-D54084FC9CB2}"
EndProject
Global
	GlobalSection(SolutionConfigurationPlatforms) = preSolution
		Debug|Any CPU = Debug|Any CPU
		Release|Any CPU = Release|Any CPU
	EndGlobalSection
	GlobalSection(ProjectConfigurationPlatforms) = postSolution
		{A12EE137-776E-407D-AC3B-43F2D2C0936A}.Debug|Any CPU.ActiveCfg = Debug|Any CPU
		{A12EE137-776E-407D-AC3B-43F2D2C0936A}.Debug|Any CPU.Build.0 = Debug|Any CPU
		{A12EE137-776E-407D-AC3B-43F2D2C0936A}.Release|Any CPU.ActiveCfg = Release|Any CPU
		{A12EE137-776E-407D-AC3B-43F2D2C0936A}.Release|Any CPU.Build.0 = Release|Any CPU
		{2597E0DB-231E-49FA-926E-D54084FC9CB2}.Debug|Any CPU.ActiveCfg = Debug|Any CPU
		{2597E0DB-231E-49FA-926E-D54084FC9CB2}.Debug|Any CPU.Build.0 = Debug|Any CPU
		{2597E0DB-231E-49FA-926E-D54084FC9CB2}.Release|Any CPU.ActiveCfg = Release|Any CPU
		{2597E0DB-231E-49FA-926E-D54084FC9CB2}.Release|Any CPU.Build.0 = Release|Any CPU
	EndGlobalSection
	GlobalSection(SolutionProperties) = preSolution
		HideSolutionNode = FALSE
	EndGlobalSection
	GlobalSection(ExtensibilityGlobals) = postSolution
		SolutionGuid = {1CC45CF6-B30F-4921-A060-95BA58FC4033}
	EndGlobalSection
EndGlobal
